// !$*UTF8*$!
{
	archiveVersion = 1;
	classes = {
	};
	objectVersion = 46;
	objects = {

/* Begin PBXBuildFile section */
		BA0BB6B01DD474B600E85314 /* AppDelegate.swift in Sources */ = {isa = PBXBuildFile; fileRef = BA0BB6AF1DD474B600E85314 /* AppDelegate.swift */; };
		BA0BB6B21DD474B600E85314 /* ViewController.swift in Sources */ = {isa = PBXBuildFile; fileRef = BA0BB6B11DD474B600E85314 /* ViewController.swift */; };
		BA0BB6B51DD474B600E85314 /* Main.storyboard in Resources */ = {isa = PBXBuildFile; fileRef = BA0BB6B31DD474B600E85314 /* Main.storyboard */; };
		BA0BB6B81DD474B600E85314 /* JSON.xcdatamodeld in Sources */ = {isa = PBXBuildFile; fileRef = BA0BB6B61DD474B600E85314 /* JSON.xcdatamodeld */; };
		BA0BB6BA1DD474B600E85314 /* Assets.xcassets in Resources */ = {isa = PBXBuildFile; fileRef = BA0BB6B91DD474B600E85314 /* Assets.xcassets */; };
		BA0BB6BD1DD474B600E85314 /* LaunchScreen.storyboard in Resources */ = {isa = PBXBuildFile; fileRef = BA0BB6BB1DD474B600E85314 /* LaunchScreen.storyboard */; };
		BA0BB6C51DD48DF900E85314 /* TableViewCell.swift in Sources */ = {isa = PBXBuildFile; fileRef = BA0BB6C41DD48DF900E85314 /* TableViewCell.swift */; };
/* End PBXBuildFile section */

/* Begin PBXFileReference section */
		BA0BB6AC1DD474B600E85314 /* JSON.app */ = {isa = PBXFileReference; explicitFileType = wrapper.application; includeInIndex = 0; path = JSON.app; sourceTree = BUILT_PRODUCTS_DIR; };
		BA0BB6AF1DD474B600E85314 /* AppDelegate.swift */ = {isa = PBXFileReference; lastKnownFileType = sourcecode.swift; path = AppDelegate.swift; sourceTree = "<group>"; };
		BA0BB6B11DD474B600E85314 /* ViewController.swift */ = {isa = PBXFileReference; lastKnownFileType = sourcecode.swift; path = ViewController.swift; sourceTree = "<group>"; };
		BA0BB6B41DD474B600E85314 /* Base */ = {isa = PBXFileReference; lastKnownFileType = file.storyboard; name = Base; path = Base.lproj/Main.storyboard; sourceTree = "<group>"; };
		BA0BB6B71DD474B600E85314 /* JSON.xcdatamodel */ = {isa = PBXFileReference; lastKnownFileType = wrapper.xcdatamodel; path = JSON.xcdatamodel; sourceTree = "<group>"; };
		BA0BB6B91DD474B600E85314 /* Assets.xcassets */ = {isa = PBXFileReference; lastKnownFileType = folder.assetcatalog; path = Assets.xcassets; sourceTree = "<group>"; };
		BA0BB6BC1DD474B600E85314 /* Base */ = {isa = PBXFileReference; lastKnownFileType = file.storyboard; name = Base; path = Base.lproj/LaunchScreen.storyboard; sourceTree = "<group>"; };
		BA0BB6BE1DD474B600E85314 /* Info.plist */ = {isa = PBXFileReference; lastKnownFileType = text.plist.xml; path = Info.plist; sourceTree = "<group>"; };
		BA0BB6C41DD48DF900E85314 /* TableViewCell.swift */ = {isa = PBXFileReference; fileEncoding = 4; lastKnownFileType = sourcecode.swift; path = TableViewCell.swift; sourceTree = "<group>"; };
/* End PBXFileReference section */

/* Begin PBXFrameworksBuildPhase section */
		BA0BB6A91DD474B600E85314 /* Frameworks */ = {
			isa = PBXFrameworksBuildPhase;
			buildActionMask = 2147483647;
			files = (
			);
			runOnlyForDeploymentPostprocessing = 0;
		};
/* End PBXFrameworksBuildPhase section */

/* Begin PBXGroup section */
		BA0BB6A31DD474B600E85314 = {
			isa = PBXGroup;
			children = (
				BA0BB6AE1DD474B600E85314 /* JSON */,
				BA0BB6AD1DD474B600E85314 /* Products */,
			);
			sourceTree = "<group>";
		};
		BA0BB6AD1DD474B600E85314 /* Products */ = {
			isa = PBXGroup;
			children = (
				BA0BB6AC1DD474B600E85314 /* JSON.app */,
			);
			name = Products;
			sourceTree = "<group>";
		};
		BA0BB6AE1DD474B600E85314 /* JSON */ = {
			isa = PBXGroup;
			children = (
				BA0BB6AF1DD474B600E85314 /* AppDelegate.swift */,
				BA0BB6B11DD474B600E85314 /* ViewController.swift */,
				BA0BB6B31DD474B600E85314 /* Main.storyboard */,
				BA0BB6C41DD48DF900E85314 /* TableViewCell.swift */,
				BA0BB6B91DD474B600E85314 /* Assets.xcassets */,
				BA0BB6BB1DD474B600E85314 /* LaunchScreen.storyboard */,
				BA0BB6BE1DD474B600E85314 /* Info.plist */,
				BA0BB6B61DD474B600E85314 /* JSON.xcdatamodeld */,
			);
			path = JSON;
			sourceTree = "<group>";
		};
/* End PBXGroup section */

/* Begin PBXNativeTarget section */
		BA0BB6AB1DD474B600E85314 /* JSON */ = {
			isa = PBXNativeTarget;
			buildConfigurationList = BA0BB6C11DD474B600E85314 /* Build configuration list for PBXNativeTarget "JSON" */;
			buildPhases = (
				BA0BB6A81DD474B600E85314 /* Sources */,
				BA0BB6A91DD474B600E85314 /* Frameworks */,
				BA0BB6AA1DD474B600E85314 /* Resources */,
			);
			buildRules = (
			);
			dependencies = (
			);
			name = JSON;
			productName = JSON;
			productReference = BA0BB6AC1DD474B600E85314 /* JSON.app */;
			productType = "com.apple.product-type.application";
		};
/* End PBXNativeTarget section */

/* Begin PBXProject section */
		BA0BB6A41DD474B600E85314 /* Project object */ = {
			isa = PBXProject;
			attributes = {
				LastSwiftUpdateCheck = 0810;
				LastUpgradeCheck = 0810;
				ORGANIZATIONNAME = "Henry Aguinaga";
				TargetAttributes = {
					BA0BB6AB1DD474B600E85314 = {
						CreatedOnToolsVersion = 8.1;
						ProvisioningStyle = Automatic;
					};
				};
			};
			buildConfigurationList = BA0BB6A71DD474B600E85314 /* Build configuration list for PBXProject "JSON" */;
			compatibilityVersion = "Xcode 3.2";
			developmentRegion = English;
			hasScannedForEncodings = 0;
			knownRegions = (
				en,
				Base,
			);
			mainGroup = BA0BB6A31DD474B600E85314;
			productRefGroup = BA0BB6AD1DD474B600E85314 /* Products */;
			projectDirPath = "";
			projectRoot = "";
			targets = (
				BA0BB6AB1DD474B600E85314 /* JSON */,
			);
		};
/* End PBXProject section */

/* Begin PBXResourcesBuildPhase section */
		BA0BB6AA1DD474B600E85314 /* Resources */ = {
			isa = PBXResourcesBuildPhase;
			buildActionMask = 2147483647;
			files = (
				BA0BB6BD1DD474B600E85314 /* LaunchScreen.storyboard in Resources */,
				BA0BB6BA1DD474B600E85314 /* Assets.xcassets in Resources */,
				BA0BB6B51DD474B600E85314 /* Main.storyboard in Resources */,
			);
			runOnlyForDeploymentPostprocessing = 0;
		};
/* End PBXResourcesBuildPhase section */

/* Begin PBXSourcesBuildPhase section */
		BA0BB6A81DD474B600E85314 /* Sources */ = {
			isa = PBXSourcesBuildPhase;
			buildActionMask = 2147483647;
			files = (
				BA0BB6B21DD474B600E85314 /* ViewController.swift in Sources */,
				BA0BB6C51DD48DF900E85314 /* TableViewCell.swift in Sources */,
				BA0BB6B81DD474B600E85314 /* JSON.xcdatamodeld in Sources */,
				BA0BB6B01DD474B600E85314 /* AppDelegate.swift in Sources */,
			);
			runOnlyForDeploymentPostprocessing = 0;
		};
/* End PBXSourcesBuildPhase section */

/* Begin PBXVariantGroup section */
		BA0BB6B31DD474B600E85314 /* Main.storyboard */ = {
			isa = PBXVariantGroup;
			children = (
				BA0BB6B41DD474B600E85314 /* Base */,
			);
			name = Main.storyboard;
			sourceTree = "<group>";
		};
		BA0BB6BB1DD474B600E85314 /* LaunchScreen.storyboard */ = {
			isa = PBXVariantGroup;
			children = (
				BA0BB6BC1DD474B600E85314 /* Base */,
			);
			name = LaunchScreen.storyboard;
			sourceTree = "<group>";
		};
/* End PBXVariantGroup section */

/* Begin XCBuildConfiguration section */
		BA0BB6BF1DD474B600E85314 /* Debug */ = {
			isa = XCBuildConfiguration;
			buildSettings = {
				ALWAYS_SEARCH_USER_PATHS = NO;
				CLANG_ANALYZER_NONNULL = YES;
				CLANG_CXX_LANGUAGE_STANDARD = "gnu++0x";
				CLANG_CXX_LIBRARY = "libc++";
				CLANG_ENABLE_MODULES = YES;
				CLANG_ENABLE_OBJC_ARC = YES;
				CLANG_WARN_BOOL_CONVERSION = YES;
				CLANG_WARN_CONSTANT_CONVERSION = YES;
				CLANG_WARN_DIRECT_OBJC_ISA_USAGE = YES_ERROR;
				CLANG_WARN_DOCUMENTATION_COMMENTS = YES;
				CLANG_WARN_EMPTY_BODY = YES;
				CLANG_WARN_ENUM_CONVERSION = YES;
				CLANG_WARN_INFINITE_RECURSION = YES;
				CLANG_WARN_INT_CONVERSION = YES;
				CLANG_WARN_OBJC_ROOT_CLASS = YES_ERROR;
				CLANG_WARN_SUSPICIOUS_MOVES = YES;
				CLANG_WARN_UNREACHABLE_CODE = YES;
				CLANG_WARN__DUPLICATE_METHOD_MATCH = YES;
				"CODE_SIGN_IDENTITY[sdk=iphoneos*]" = "iPhone Developer";
				COPY_PHASE_STRIP = NO;
				DEBUG_INFORMATION_FORMAT = dwarf;
				ENABLE_STRICT_OBJC_MSGSEND = YES;
				ENABLE_TESTABILITY = YES;
				GCC_C_LANGUAGE_STANDARD = gnu99;
				GCC_DYNAMIC_NO_PIC = NO;
				GCC_NO_COMMON_BLOCKS = YES;
				GCC_OPTIMIZATION_LEVEL = 0;
				GCC_PREPROCESSOR_DEFINITIONS = (
					"DEBUG=1",
					"$(inherited)",
				);
				GCC_WARN_64_TO_32_BIT_CONVERSION = YES;
				GCC_WARN_ABOUT_RETURN_TYPE = YES_ERROR;
				GCC_WARN_UNDECLARED_SELECTOR = YES;
				GCC_WARN_UNINITIALIZED_AUTOS = YES_AGGRESSIVE;
				GCC_WARN_UNUSED_FUNCTION = YES;
				GCC_WARN_UNUSED_VARIABLE = YES;
				IPHONEOS_DEPLOYMENT_TARGET = 10.1;
				MTL_ENABLE_DEBUG_INFO = YES;
				ONLY_ACTIVE_ARCH = YES;
				SDKROOT = iphoneos;
				SWIFT_ACTIVE_COMPILATION_CONDITIONS = DEBUG;
				SWIFT_OPTIMIZATION_LEVEL = "-Onone";
				TARGETED_DEVICE_FAMILY = "1,2";
			};
			name = Debug;
		};
		BA0BB6C01DD474B600E85314 /* Release */ = {
			isa = XCBuildConfiguration;
			buildSettings = {
				ALWAYS_SEARCH_USER_PATHS = NO;
				CLANG_ANALYZER_NONNULL = YES;
				CLANG_CXX_LANGUAGE_STANDARD = "gnu++0x";
				CLANG_CXX_LIBRARY = "libc++";
				CLANG_ENABLE_MODULES = YES;
				CLANG_ENABLE_OBJC_ARC = YES;
				CLANG_WARN_BOOL_CONVERSION = YES;
				CLANG_WARN_CONSTANT_CONVERSION = YES;
				CLANG_WARN_DIRECT_OBJC_ISA_USAGE = YES_ERROR;
				CLANG_WARN_DOCUMENTATION_COMMENTS = YES;
				CLANG_WARN_EMPTY_BODY = YES;
				CLANG_WARN_ENUM_CONVERSION = YES;
				CLANG_WARN_INFINITE_RECURSION = YES;
				CLANG_WARN_INT_CONVERSION = YES;
				CLANG_WARN_OBJC_ROOT_CLASS = YES_ERROR;
				CLANG_WARN_SUSPICIOUS_MOVES = YES;
				CLANG_WARN_UNREACHABLE_CODE = YES;
				CLANG_WARN__DUPLICATE_METHOD_MATCH = YES;
				"CODE_SIGN_IDENTITY[sdk=iphoneos*]" = "iPhone Developer";
				COPY_PHASE_STRIP = NO;
				DEBUG_INFORMATION_FORMAT = "dwarf-with-dsym";
				ENABLE_NS_ASSERTIONS = NO;
				ENABLE_STRICT_OBJC_MSGSEND = YES;
				GCC_C_LANGUAGE_STANDARD = gnu99;
				GCC_NO_COMMON_BLOCKS = YES;
				GCC_WARN_64_TO_32_BIT_CONVERSION = YES;
				GCC_WARN_ABOUT_RETURN_TYPE = YES_ERROR;
				GCC_WARN_UNDECLARED_SELECTOR = YES;
				GCC_WARN_UNINITIALIZED_AUTOS = YES_AGGRESSIVE;
				GCC_WARN_UNUSED_FUNCTION = YES;
				GCC_WARN_UNUSED_VARIABLE = YES;
				IPHONEOS_DEPLOYMENT_TARGET = 10.1;
				MTL_ENABLE_DEBUG_INFO = NO;
				SDKROOT = iphoneos;
				SWIFT_OPTIMIZATION_LEVEL = "-Owholemodule";
				TARGETED_DEVICE_FAMILY = "1,2";
				VALIDATE_PRODUCT = YES;
			};
			name = Release;
		};
		BA0BB6C21DD474B600E85314 /* Debug */ = {
			isa = XCBuildConfiguration;
			buildSettings = {
				ASSETCATALOG_COMPILER_APPICON_NAME = AppIcon;
				INFOPLIST_FILE = JSON/Info.plist;
				LD_RUNPATH_SEARCH_PATHS = "$(inherited) @executable_path/Frameworks";
				PRODUCT_BUNDLE_IDENTIFIER = com.henry.JSON;
				PRODUCT_NAME = "$(TARGET_NAME)";
				SWIFT_VERSION = 3.0;
			};
			name = Debug;
		};
		BA0BB6C31DD474B600E85314 /* Release */ = {
			isa = XCBuildConfiguration;
			buildSettings = {
				ASSETCATALOG_COMPILER_APPICON_NAME = AppIcon;
				INFOPLIST_FILE = JSON/Info.plist;
				LD_RUNPATH_SEARCH_PATHS = "$(inherited) @executable_path/Frameworks";
				PRODUCT_BUNDLE_IDENTIFIER = com.henry.JSON;
				PRODUCT_NAME = "$(TARGET_NAME)";
				SWIFT_VERSION = 3.0;
			};
			name = Release;
		};
/* End XCBuildConfiguration section */

/* Begin XCConfigurationList section */
		BA0BB6A71DD474B600E85314 /* Build configuration list for PBXProject "JSON" */ = {
			isa = XCConfigurationList;
			buildConfigurations = (
				BA0BB6BF1DD474B600E85314 /* Debug */,
				BA0BB6C01DD474B600E85314 /* Release */,
			);
			defaultConfigurationIsVisible = 0;
			defaultConfigurationName = Release;
		};
		BA0BB6C11DD474B600E85314 /* Build configuration list for PBXNativeTarget "JSON" */ = {
			isa = XCConfigurationList;
			buildConfigurations = (
				BA0BB6C21DD474B600E85314 /* Debug */,
				BA0BB6C31DD474B600E85314 /* Release */,
			);
			defaultConfigurationIsVisible = 0;
		};
/* End XCConfigurationList section */

/* Begin XCVersionGroup section */
		BA0BB6B61DD474B600E85314 /* JSON.xcdatamodeld */ = {
			isa = XCVersionGroup;
			children = (
				BA0BB6B71DD474B600E85314 /* JSON.xcdatamodel */,
			);
			currentVersion = BA0BB6B71DD474B600E85314 /* JSON.xcdatamodel */;
			path = JSON.xcdatamodeld;
			sourceTree = "<group>";
			versionGroupType = wrapper.xcdatamodel;
		};
/* End XCVersionGroup section */
	};
	rootObject = BA0BB6A41DD474B600E85314 /* Project object */;
}
